
Microsoft Visual Studio Solution File, Format Version 12.00
# Visual Studio Version 17
VisualStudioVersion = 17.5.33424.131
MinimumVisualStudioVersion = 10.0.40219.1
Project("{8BC9CEB8-8B4A-11D0-8D11-00A0C91BC942}") = "DIP_GUI", "DIP_GUI.vcxproj", "{DD3B5197-72A7-4692-8A1B-9B61A129515B}"
EndProject
Global
	GlobalSection(SolutionConfigurationPlatforms) = preSolution
		Debug|x64 = Debug|x64
		Release|x64 = Release|x64
	EndGlobalSection
	GlobalSection(ProjectConfigurationPlatforms) = postSolution
		{DD3B5197-72A7-4692-8A1B-9B61A129515B}.Debug|x64.ActiveCfg = Debug|x64
		{DD3B5197-72A7-4692-8A1B-9B61A129515B}.Debug|x64.Build.0 = Debug|x64
		{DD3B5197-72A7-4692-8A1B-9B61A129515B}.Release|x64.ActiveCfg = Release|x64
		{DD3B5197-72A7-4692-8A1B-9B61A129515B}.Release|x64.Build.0 = Release|x64
	EndGlobalSection
	GlobalSection(SolutionProperties) = preSolution
		HideSolutionNode = FALSE
	EndGlobalSection
	GlobalSection(ExtensibilityGlobals) = postSolution
		SolutionGuid = {FB6A95B2-BD36-4C63-BBD1-20C463FFCE38}
	EndGlobalSection
EndGlobal
